
Microsoft Visual Studio Solution File, Format Version 12.00
# Visual Studio 15
Project("{FAE04EC0-301F-11D3-BF4B-00C04F79EFBC}") = "userDetailsMicroservice", "userDetailsMicroservice.csproj", "{753A580E-9488-443B-A420-66D38FF3B0DC}"
EndProject
Global
	GlobalSection(SolutionConfigurationPlatforms) = preSolution
		Debug|Any CPU = Debug|Any CPU
		Release|Any CPU = Release|Any CPU
	EndGlobalSection
	GlobalSection(ProjectConfigurationPlatforms) = postSolution
		{753A580E-9488-443B-A420-66D38FF3B0DC}.Debug|Any CPU.ActiveCfg = Debug|Any CPU
		{753A580E-9488-443B-A420-66D38FF3B0DC}.Debug|Any CPU.Build.0 = Debug|Any CPU
		{753A580E-9488-443B-A420-66D38FF3B0DC}.Release|Any CPU.ActiveCfg = Release|Any CPU
		{753A580E-9488-443B-A420-66D38FF3B0DC}.Release|Any CPU.Build.0 = Release|Any CPU
	EndGlobalSection
EndGlobal
